
Microsoft Visual Studio Solution File, Format Version 12.00
# Visual Studio 15
VisualStudioVersion = 15.0.27130.2027
MinimumVisualStudioVersion = 10.0.40219.1
Project("{FAE04EC0-301F-11D3-BF4B-00C04F79EFBC}") = "SmartHome", "SmartHome\SmartHome.csproj", "{DA334BDB-4C5E-4DD2-BC8D-68C7FE293542}"
EndProject
Global
	GlobalSection(SolutionConfigurationPlatforms) = preSolution
		Debug|ARM = Debug|ARM
		Debug|x64 = Debug|x64
		Debug|x86 = Debug|x86
		Release|ARM = Release|ARM
		Release|x64 = Release|x64
		Release|x86 = Release|x86
	EndGlobalSection
	GlobalSection(ProjectConfigurationPlatforms) = postSolution
		{DA334BDB-4C5E-4DD2-BC8D-68C7FE293542}.Debug|ARM.ActiveCfg = Debug|ARM
		{DA334BDB-4C5E-4DD2-BC8D-68C7FE293542}.Debug|ARM.Build.0 = Debug|ARM
		{DA334BDB-4C5E-4DD2-BC8D-68C7FE293542}.Debug|ARM.Deploy.0 = Debug|ARM
		{DA334BDB-4C5E-4DD2-BC8D-68C7FE293542}.Debug|x64.ActiveCfg = Debug|x64
		{DA334BDB-4C5E-4DD2-BC8D-68C7FE293542}.Debug|x64.Build.0 = Debug|x64
		{DA334BDB-4C5E-4DD2-BC8D-68C7FE293542}.Debug|x64.Deploy.0 = Debug|x64
		{DA334BDB-4C5E-4DD2-BC8D-68C7FE293542}.Debug|x86.ActiveCfg = Debug|x86
		{DA334BDB-4C5E-4DD2-BC8D-68C7FE293542}.Debug|x86.Build.0 = Debug|x86
		{DA334BDB-4C5E-4DD2-BC8D-68C7FE293542}.Debug|x86.Deploy.0 = Debug|x86
		{DA334BDB-4C5E-4DD2-BC8D-68C7FE293542}.Release|ARM.ActiveCfg = Release|ARM
		{DA334BDB-4C5E-4DD2-BC8D-68C7FE293542}.Release|ARM.Build.0 = Release|ARM
		{DA334BDB-4C5E-4DD2-BC8D-68C7FE293542}.Release|ARM.Deploy.0 = Release|ARM
		{DA334BDB-4C5E-4DD2-BC8D-68C7FE293542}.Release|x64.ActiveCfg = Release|x64
		{DA334BDB-4C5E-4DD2-BC8D-68C7FE293542}.Release|x64.Build.0 = Release|x64
		{DA334BDB-4C5E-4DD2-BC8D-68C7FE293542}.Release|x64.Deploy.0 = Release|x64
		{DA334BDB-4C5E-4DD2-BC8D-68C7FE293542}.Release|x86.ActiveCfg = Release|x86
		{DA334BDB-4C5E-4DD2-BC8D-68C7FE293542}.Release|x86.Build.0 = Release|x86
		{DA334BDB-4C5E-4DD2-BC8D-68C7FE293542}.Release|x86.Deploy.0 = Release|x86
	EndGlobalSection
	GlobalSection(SolutionProperties) = preSolution
		HideSolutionNode = FALSE
	EndGlobalSection
	GlobalSection(ExtensibilityGlobals) = postSolution
		SolutionGuid = {030FD02F-4733-48DB-8C74-BF81AB1CC75E}
	EndGlobalSection
EndGlobal
