
Microsoft Visual Studio Solution File, Format Version 12.00
# Visual Studio 15
VisualStudioVersion = 15.0.26430.12
MinimumVisualStudioVersion = 10.0.40219.1
Project("{FAE04EC0-301F-11D3-BF4B-00C04F79EFBC}") = "UdpKuldes", "UdpKuldes\UdpKuldes.csproj", "{973304AE-2656-4438-B6A9-D84A1BBCD10A}"
EndProject
Global
	GlobalSection(SolutionConfigurationPlatforms) = preSolution
		Debug|Any CPU = Debug|Any CPU
		Release|Any CPU = Release|Any CPU
	EndGlobalSection
	GlobalSection(ProjectConfigurationPlatforms) = postSolution
		{973304AE-2656-4438-B6A9-D84A1BBCD10A}.Debug|Any CPU.ActiveCfg = Debug|Any CPU
		{973304AE-2656-4438-B6A9-D84A1BBCD10A}.Debug|Any CPU.Build.0 = Debug|Any CPU
		{973304AE-2656-4438-B6A9-D84A1BBCD10A}.Release|Any CPU.ActiveCfg = Release|Any CPU
		{973304AE-2656-4438-B6A9-D84A1BBCD10A}.Release|Any CPU.Build.0 = Release|Any CPU
	EndGlobalSection
	GlobalSection(SolutionProperties) = preSolution
		HideSolutionNode = FALSE
	EndGlobalSection
EndGlobal
